
Microsoft Visual Studio Solution File, Format Version 12.00
# Visual Studio 14
VisualStudioVersion = 14.0.24720.0
MinimumVisualStudioVersion = 10.0.40219.1
Project("{FAE04EC0-301F-11D3-BF4B-00C04F79EFBC}") = "MainConsole", "MainConsole\MainConsole.csproj", "{C8BDAFD6-36CF-434A-BF4A-4F72FC65C334}"
EndProject
Project("{FAE04EC0-301F-11D3-BF4B-00C04F79EFBC}") = "UnitTest", "UnitTest\UnitTest.csproj", "{D4595C79-77B8-4C6B-8ADE-DBF0D5B67B7F}"
EndProject
Global
	GlobalSection(SolutionConfigurationPlatforms) = preSolution
		Debug|Any CPU = Debug|Any CPU
		Release|Any CPU = Release|Any CPU
	EndGlobalSection
	GlobalSection(ProjectConfigurationPlatforms) = postSolution
		{C8BDAFD6-36CF-434A-BF4A-4F72FC65C334}.Debug|Any CPU.ActiveCfg = Debug|Any CPU
		{C8BDAFD6-36CF-434A-BF4A-4F72FC65C334}.Debug|Any CPU.Build.0 = Debug|Any CPU
		{C8BDAFD6-36CF-434A-BF4A-4F72FC65C334}.Release|Any CPU.ActiveCfg = Release|Any CPU
		{C8BDAFD6-36CF-434A-BF4A-4F72FC65C334}.Release|Any CPU.Build.0 = Release|Any CPU
		{D4595C79-77B8-4C6B-8ADE-DBF0D5B67B7F}.Debug|Any CPU.ActiveCfg = Debug|Any CPU
		{D4595C79-77B8-4C6B-8ADE-DBF0D5B67B7F}.Debug|Any CPU.Build.0 = Debug|Any CPU
		{D4595C79-77B8-4C6B-8ADE-DBF0D5B67B7F}.Release|Any CPU.ActiveCfg = Release|Any CPU
		{D4595C79-77B8-4C6B-8ADE-DBF0D5B67B7F}.Release|Any CPU.Build.0 = Release|Any CPU
	EndGlobalSection
	GlobalSection(SolutionProperties) = preSolution
		HideSolutionNode = FALSE
	EndGlobalSection
EndGlobal
